{
    "name": "incyclist-ant-sample",
    "version": "1.0.1",
    "lockfileVersion": 2,
    "requires": true,
    "packages": {
        "": {
            "name": "incyclist-ant-sample",
            "version": "1.0.1",
            "dependencies": {
                "gd-ant-plus": "^0.0.31",
                "gd-eventlog": "^0.1.22",
                "incyclist-devices": "^1.2.0",
                "usb": "^2.0.3"
            }
        },
        "node_modules/@serialport/parser-byte-length": {
            "version": "9.0.7",
            "resolved": "https://registry.npmjs.org/@serialport/parser-byte-length/-/parser-byte-length-9.0.7.tgz",
            "integrity": "sha512-evf7oOOSBMBn2AZZbgBFMRIyEzlsyQkhqaPm7IBCPTxMDXRf4tKkFYJHYZB0/6d1W4eI0meH079UqmSsh/uoDA==",
            "engines": {
                "node": ">=10.0.0"
            },
            "funding": {
                "url": "https://opencollective.com/serialport/donate"
            }
        },
        "node_modules/@serialport/parser-delimiter": {
            "version": "9.0.7",
            "resolved": "https://registry.npmjs.org/@serialport/parser-delimiter/-/parser-delimiter-9.0.7.tgz",
            "integrity": "sha512-Vb2NPeXPZ/28M4m5x4OAHFd8jRAeddNCgvL+Q+H/hqFPY1w47JcMLchC7pigRW8Cnt1fklmzfwdNQ8Fb+kMkxQ==",
            "engines": {
                "node": ">=10.0.0"
            },
            "funding": {
                "url": "https://opencollective.com/serialport/donate"
            }
        },
        "node_modules/@types/node": {
            "version": "14.14.41",
            "resolved": "https://registry.npmjs.org/@types/node/-/node-14.14.41.tgz",
            "integrity": "sha512-dueRKfaJL4RTtSa7bWeTK1M+VH+Gns73oCgzvYfHZywRCoPSd8EkXBL0mZ9unPTveBn+D9phZBaxuzpwjWkW0g=="
        },
        "node_modules/@types/serialport": {
            "version": "8.0.1",
            "resolved": "https://registry.npmjs.org/@types/serialport/-/serialport-8.0.1.tgz",
            "integrity": "sha512-IcKHq6b/ynKSF/x4al/Ce8+a0hpbYIEaIcK9Z3l4koLvQqAPSODZ37/hgemQx8dTu7fPZDMHN4bKmu89B3UaGA==",
            "dependencies": {
                "@types/node": "*"
            }
        },
        "node_modules/@types/w3c-web-usb": {
            "version": "1.0.5",
            "resolved": "https://registry.npmjs.org/@types/w3c-web-usb/-/w3c-web-usb-1.0.5.tgz",
            "integrity": "sha512-dYolx2XWesl1TMu+1BjtjU6eC6c2zZ2VDKhjU4f/mtR3+UBfMW6h1tPCQt7leY5Y8JBg0Fe/mMnoDMkPPNX9sw=="
        },
        "node_modules/dbly-linked-list": {
            "version": "0.3.4",
            "resolved": "https://registry.npmjs.org/dbly-linked-list/-/dbly-linked-list-0.3.4.tgz",
            "integrity": "sha512-327vOlwspi9i1T3Kc9yZhRUR8qDdgMQ4HmXsFDDCQ/HTc3sNe7gnF5b0UrsnaOJ0rvmG7yBZpK0NoOux9rKYKw==",
            "dependencies": {
                "lodash.isequal": "^4.5.0"
            }
        },
        "node_modules/gd-ant-plus": {
            "version": "0.0.31",
            "resolved": "https://registry.npmjs.org/gd-ant-plus/-/gd-ant-plus-0.0.31.tgz",
            "integrity": "sha512-Y32UAeem4MpQb48t+G5mQakZRzdn7fcQVUdmk/w8pmiNK1NscgCPmLUPw1SVdbSIGTEmrcxR+H6GrS++i6VOpA==",
            "dependencies": {
                "queue-fifo": "^0.2.6",
                "usb": "^1.7.2"
            },
            "engines": {
                "node": ">=6.0.0"
            }
        },
        "node_modules/gd-ant-plus/node_modules/usb": {
            "version": "1.9.2",
            "resolved": "https://registry.npmjs.org/usb/-/usb-1.9.2.tgz",
            "integrity": "sha512-dryNz030LWBPAf6gj8vyq0Iev3vPbCLHCT8dBw3gQRXRzVNsIdeuU+VjPp3ksmSPkeMAl1k+kQ14Ij0QHyeiAg==",
            "hasInstallScript": true,
            "dependencies": {
                "node-addon-api": "^4.2.0",
                "node-gyp-build": "^4.3.0"
            },
            "engines": {
                "node": ">=10.16.0"
            }
        },
        "node_modules/gd-eventlog": {
            "version": "0.1.22",
            "resolved": "https://registry.npmjs.org/gd-eventlog/-/gd-eventlog-0.1.22.tgz",
            "integrity": "sha512-R44CceZcbkg0faGYeUsiVW6rR2SB19zCj6wo2vJhXdfVjIW8tvnkHp3LWtfF4gDobnBfPJDQhKqqmYxxO6FT9A==",
            "engines": {
                "node": ">=10.0.0"
            }
        },
        "node_modules/incyclist-devices": {
            "version": "1.2.0",
            "resolved": "https://registry.npmjs.org/incyclist-devices/-/incyclist-devices-1.2.0.tgz",
            "integrity": "sha512-JefNooK3k1bMJ801gEUDplyScr1JWblGJiJFHvnJj6gp4MBoudBc+ZdX4q4f2yqL4r36udiYHqZOaWpbiIXQ+g==",
            "dependencies": {
                "@serialport/parser-byte-length": "^9.0.1",
                "@serialport/parser-delimiter": "^9.0.1",
                "@types/serialport": "^8.0.1"
            },
            "peerDependencies": {
                "gd-eventlog": "^0.1.21"
            }
        },
        "node_modules/lodash.isequal": {
            "version": "4.5.0",
            "resolved": "https://registry.npmjs.org/lodash.isequal/-/lodash.isequal-4.5.0.tgz",
            "integrity": "sha1-QVxEePK8wwEgwizhDtMib30+GOA="
        },
        "node_modules/node-addon-api": {
            "version": "4.3.0",
            "resolved": "https://registry.npmjs.org/node-addon-api/-/node-addon-api-4.3.0.tgz",
            "integrity": "sha512-73sE9+3UaLYYFmDsFZnqCInzPyh3MqIwZO9cw58yIqAZhONrrabrYyYe3TuIqtIiOuTXVhsGau8hcrhhwSsDIQ=="
        },
        "node_modules/node-gyp-build": {
            "version": "4.3.0",
            "resolved": "https://registry.npmjs.org/node-gyp-build/-/node-gyp-build-4.3.0.tgz",
            "integrity": "sha512-iWjXZvmboq0ja1pUGULQBexmxq8CV4xBhX7VDOTbL7ZR4FOowwY/VOtRxBN/yKxmdGoIp4j5ysNT4u3S2pDQ3Q==",
            "bin": {
                "node-gyp-build": "bin.js",
                "node-gyp-build-optional": "optional.js",
                "node-gyp-build-test": "build-test.js"
            }
        },
        "node_modules/queue-fifo": {
            "version": "0.2.6",
            "resolved": "https://registry.npmjs.org/queue-fifo/-/queue-fifo-0.2.6.tgz",
            "integrity": "sha512-rwlnZHAaTmWEGKC7ziasK8u4QnZW/uN6kSiG+tHNf/1GA+R32FArZi18s3SYUpKcA0Y6jJoUDn5GT3Anoc2mWw==",
            "dependencies": {
                "dbly-linked-list": "0.3.4"
            }
        },
        "node_modules/usb": {
            "version": "2.0.3",
            "resolved": "https://registry.npmjs.org/usb/-/usb-2.0.3.tgz",
            "integrity": "sha512-UnUtZK5ebhDdNTjcO+cHFnpo25iifNm+E7F4f5g4pCUH+0M8b4SiVqILNzqz9iqQNK326PGawOYdkTJbplqsIg==",
            "hasInstallScript": true,
            "dependencies": {
                "@types/w3c-web-usb": "^1.0.4",
                "node-addon-api": "^4.2.0",
                "node-gyp-build": "^4.3.0"
            },
            "engines": {
                "node": ">=10.16.0"
            }
        }
    },
    "dependencies": {
        "@serialport/parser-byte-length": {
            "version": "9.0.7",
            "resolved": "https://registry.npmjs.org/@serialport/parser-byte-length/-/parser-byte-length-9.0.7.tgz",
            "integrity": "sha512-evf7oOOSBMBn2AZZbgBFMRIyEzlsyQkhqaPm7IBCPTxMDXRf4tKkFYJHYZB0/6d1W4eI0meH079UqmSsh/uoDA=="
        },
        "@serialport/parser-delimiter": {
            "version": "9.0.7",
            "resolved": "https://registry.npmjs.org/@serialport/parser-delimiter/-/parser-delimiter-9.0.7.tgz",
            "integrity": "sha512-Vb2NPeXPZ/28M4m5x4OAHFd8jRAeddNCgvL+Q+H/hqFPY1w47JcMLchC7pigRW8Cnt1fklmzfwdNQ8Fb+kMkxQ=="
        },
        "@types/node": {
            "version": "14.14.41",
            "resolved": "https://registry.npmjs.org/@types/node/-/node-14.14.41.tgz",
            "integrity": "sha512-dueRKfaJL4RTtSa7bWeTK1M+VH+Gns73oCgzvYfHZywRCoPSd8EkXBL0mZ9unPTveBn+D9phZBaxuzpwjWkW0g=="
        },
        "@types/serialport": {
            "version": "8.0.1",
            "resolved": "https://registry.npmjs.org/@types/serialport/-/serialport-8.0.1.tgz",
            "integrity": "sha512-IcKHq6b/ynKSF/x4al/Ce8+a0hpbYIEaIcK9Z3l4koLvQqAPSODZ37/hgemQx8dTu7fPZDMHN4bKmu89B3UaGA==",
            "requires": {
                "@types/node": "*"
            }
        },
        "@types/w3c-web-usb": {
            "version": "1.0.5",
            "resolved": "https://registry.npmjs.org/@types/w3c-web-usb/-/w3c-web-usb-1.0.5.tgz",
            "integrity": "sha512-dYolx2XWesl1TMu+1BjtjU6eC6c2zZ2VDKhjU4f/mtR3+UBfMW6h1tPCQt7leY5Y8JBg0Fe/mMnoDMkPPNX9sw=="
        },
        "dbly-linked-list": {
            "version": "0.3.4",
            "resolved": "https://registry.npmjs.org/dbly-linked-list/-/dbly-linked-list-0.3.4.tgz",
            "integrity": "sha512-327vOlwspi9i1T3Kc9yZhRUR8qDdgMQ4HmXsFDDCQ/HTc3sNe7gnF5b0UrsnaOJ0rvmG7yBZpK0NoOux9rKYKw==",
            "requires": {
                "lodash.isequal": "^4.5.0"
            }
        },
        "gd-ant-plus": {
            "version": "0.0.31",
            "resolved": "https://registry.npmjs.org/gd-ant-plus/-/gd-ant-plus-0.0.31.tgz",
            "integrity": "sha512-Y32UAeem4MpQb48t+G5mQakZRzdn7fcQVUdmk/w8pmiNK1NscgCPmLUPw1SVdbSIGTEmrcxR+H6GrS++i6VOpA==",
            "requires": {
                "queue-fifo": "^0.2.6",
                "usb": "^1.7.2"
            },
            "dependencies": {
                "usb": {
                    "version": "1.9.2",
                    "resolved": "https://registry.npmjs.org/usb/-/usb-1.9.2.tgz",
                    "integrity": "sha512-dryNz030LWBPAf6gj8vyq0Iev3vPbCLHCT8dBw3gQRXRzVNsIdeuU+VjPp3ksmSPkeMAl1k+kQ14Ij0QHyeiAg==",
                    "requires": {
                        "node-addon-api": "^4.2.0",
                        "node-gyp-build": "^4.3.0"
                    }
                }
            }
        },
        "gd-eventlog": {
            "version": "0.1.22",
            "resolved": "https://registry.npmjs.org/gd-eventlog/-/gd-eventlog-0.1.22.tgz",
            "integrity": "sha512-R44CceZcbkg0faGYeUsiVW6rR2SB19zCj6wo2vJhXdfVjIW8tvnkHp3LWtfF4gDobnBfPJDQhKqqmYxxO6FT9A=="
        },
        "incyclist-devices": {
            "version": "1.2.0",
            "resolved": "https://registry.npmjs.org/incyclist-devices/-/incyclist-devices-1.2.0.tgz",
            "integrity": "sha512-JefNooK3k1bMJ801gEUDplyScr1JWblGJiJFHvnJj6gp4MBoudBc+ZdX4q4f2yqL4r36udiYHqZOaWpbiIXQ+g==",
            "requires": {
                "@serialport/parser-byte-length": "^9.0.1",
                "@serialport/parser-delimiter": "^9.0.1",
                "@types/serialport": "^8.0.1"
            }
        },
        "lodash.isequal": {
            "version": "4.5.0",
            "resolved": "https://registry.npmjs.org/lodash.isequal/-/lodash.isequal-4.5.0.tgz",
            "integrity": "sha1-QVxEePK8wwEgwizhDtMib30+GOA="
        },
        "node-addon-api": {
            "version": "4.3.0",
            "resolved": "https://registry.npmjs.org/node-addon-api/-/node-addon-api-4.3.0.tgz",
            "integrity": "sha512-73sE9+3UaLYYFmDsFZnqCInzPyh3MqIwZO9cw58yIqAZhONrrabrYyYe3TuIqtIiOuTXVhsGau8hcrhhwSsDIQ=="
        },
        "node-gyp-build": {
            "version": "4.3.0",
            "resolved": "https://registry.npmjs.org/node-gyp-build/-/node-gyp-build-4.3.0.tgz",
            "integrity": "sha512-iWjXZvmboq0ja1pUGULQBexmxq8CV4xBhX7VDOTbL7ZR4FOowwY/VOtRxBN/yKxmdGoIp4j5ysNT4u3S2pDQ3Q=="
        },
        "queue-fifo": {
            "version": "0.2.6",
            "resolved": "https://registry.npmjs.org/queue-fifo/-/queue-fifo-0.2.6.tgz",
            "integrity": "sha512-rwlnZHAaTmWEGKC7ziasK8u4QnZW/uN6kSiG+tHNf/1GA+R32FArZi18s3SYUpKcA0Y6jJoUDn5GT3Anoc2mWw==",
            "requires": {
                "dbly-linked-list": "0.3.4"
            }
        },
        "usb": {
            "version": "2.0.3",
            "resolved": "https://registry.npmjs.org/usb/-/usb-2.0.3.tgz",
            "integrity": "sha512-UnUtZK5ebhDdNTjcO+cHFnpo25iifNm+E7F4f5g4pCUH+0M8b4SiVqILNzqz9iqQNK326PGawOYdkTJbplqsIg==",
            "requires": {
                "@types/w3c-web-usb": "^1.0.4",
                "node-addon-api": "^4.2.0",
                "node-gyp-build": "^4.3.0"
            }
        }
    }
}
