{
    "name": "incyclist-ant-sample",
    "version": "1.1.0",
    "lockfileVersion": 2,
    "requires": true,
    "packages": {
        "": {
            "name": "incyclist-ant-sample",
            "version": "1.1.0",
            "dependencies": {
                "gd-ant-plus": "^0.0.34",
                "gd-eventlog": "^0.1.22",
                "incyclist-devices": "file:../..",
                "usb": "^2.5.2"
            }
        },
        "../..": {
            "name": "incyclist-devices",
            "version": "1.5.20",
            "dependencies": {
                "@serialport/parser-byte-length": "^9.0.1",
                "@serialport/parser-delimiter": "^9.0.1",
                "@types/serialport": "^8.0.1",
                "gd-ant-plus": "^0.0.33",
                "incyclist-ant-plus": "file:../ant-plus",
                "win32filetime": "^1.0.2"
            },
            "devDependencies": {
                "@types/jest": "^27.0.3",
                "@types/node": "^10.17.58",
                "eslint": "^7.32.0",
                "eslint-config-react-app": "^6.0.0",
                "eslint-loader": "^4.0.2",
                "jest": "^27.4.3",
                "ts-jest": "^27.1.0",
                "typescript": "^4.5.2"
            },
            "peerDependencies": {
                "gd-eventlog": "^0.1.22"
            }
        },
        "node_modules/@types/w3c-web-usb": {
            "version": "1.0.6",
            "resolved": "https://registry.npmjs.org/@types/w3c-web-usb/-/w3c-web-usb-1.0.6.tgz",
            "integrity": "sha512-cSjhgrr8g4KbPnnijAr/KJDNKa/bBa+ixYkywFRvrhvi9n1WEl7yYbtRyzE6jqNQiSxxJxoAW3STaOQwJHndaw=="
        },
        "node_modules/dbly-linked-list": {
            "version": "0.3.4",
            "resolved": "https://registry.npmjs.org/dbly-linked-list/-/dbly-linked-list-0.3.4.tgz",
            "integrity": "sha512-327vOlwspi9i1T3Kc9yZhRUR8qDdgMQ4HmXsFDDCQ/HTc3sNe7gnF5b0UrsnaOJ0rvmG7yBZpK0NoOux9rKYKw==",
            "dependencies": {
                "lodash.isequal": "^4.5.0"
            }
        },
        "node_modules/gd-ant-plus": {
            "version": "0.0.34",
            "resolved": "https://registry.npmjs.org/gd-ant-plus/-/gd-ant-plus-0.0.34.tgz",
            "integrity": "sha512-Eo3ZDejpGF2sKwf5MAji3ReQR/KV2dp7qKFolZ0KdtPNT64t/mEtZteg7id4DPODWLAXAdOjqgae0/GJsirIlw==",
            "dependencies": {
                "queue-fifo": "^0.2.6",
                "usb": "^1.9.2"
            },
            "engines": {
                "node": ">=6.0.0"
            }
        },
        "node_modules/gd-ant-plus/node_modules/usb": {
            "version": "1.9.2",
            "resolved": "https://registry.npmjs.org/usb/-/usb-1.9.2.tgz",
            "integrity": "sha512-dryNz030LWBPAf6gj8vyq0Iev3vPbCLHCT8dBw3gQRXRzVNsIdeuU+VjPp3ksmSPkeMAl1k+kQ14Ij0QHyeiAg==",
            "hasInstallScript": true,
            "dependencies": {
                "node-addon-api": "^4.2.0",
                "node-gyp-build": "^4.3.0"
            },
            "engines": {
                "node": ">=10.16.0"
            }
        },
        "node_modules/gd-eventlog": {
            "version": "0.1.22",
            "resolved": "https://registry.npmjs.org/gd-eventlog/-/gd-eventlog-0.1.22.tgz",
            "integrity": "sha512-R44CceZcbkg0faGYeUsiVW6rR2SB19zCj6wo2vJhXdfVjIW8tvnkHp3LWtfF4gDobnBfPJDQhKqqmYxxO6FT9A==",
            "engines": {
                "node": ">=10.0.0"
            }
        },
        "node_modules/incyclist-devices": {
            "resolved": "../..",
            "link": true
        },
        "node_modules/lodash.isequal": {
            "version": "4.5.0",
            "resolved": "https://registry.npmjs.org/lodash.isequal/-/lodash.isequal-4.5.0.tgz",
            "integrity": "sha512-pDo3lu8Jhfjqls6GkMgpahsF9kCyayhgykjyLMNFTKWrpVdAQtYyB4muAMWozBB4ig/dtWAmsMxLEI8wuz+DYQ=="
        },
        "node_modules/node-addon-api": {
            "version": "4.3.0",
            "resolved": "https://registry.npmjs.org/node-addon-api/-/node-addon-api-4.3.0.tgz",
            "integrity": "sha512-73sE9+3UaLYYFmDsFZnqCInzPyh3MqIwZO9cw58yIqAZhONrrabrYyYe3TuIqtIiOuTXVhsGau8hcrhhwSsDIQ=="
        },
        "node_modules/node-gyp-build": {
            "version": "4.5.0",
            "resolved": "https://registry.npmjs.org/node-gyp-build/-/node-gyp-build-4.5.0.tgz",
            "integrity": "sha512-2iGbaQBV+ITgCz76ZEjmhUKAKVf7xfY1sRl4UiKQspfZMH2h06SyhNsnSVy50cwkFQDGLyif6m/6uFXHkOZ6rg==",
            "bin": {
                "node-gyp-build": "bin.js",
                "node-gyp-build-optional": "optional.js",
                "node-gyp-build-test": "build-test.js"
            }
        },
        "node_modules/queue-fifo": {
            "version": "0.2.6",
            "resolved": "https://registry.npmjs.org/queue-fifo/-/queue-fifo-0.2.6.tgz",
            "integrity": "sha512-rwlnZHAaTmWEGKC7ziasK8u4QnZW/uN6kSiG+tHNf/1GA+R32FArZi18s3SYUpKcA0Y6jJoUDn5GT3Anoc2mWw==",
            "dependencies": {
                "dbly-linked-list": "0.3.4"
            }
        },
        "node_modules/usb": {
            "version": "2.5.2",
            "resolved": "https://registry.npmjs.org/usb/-/usb-2.5.2.tgz",
            "integrity": "sha512-/7hWfbPL4ExGTQO2v2XfuKoBHDwNMoNPZmyKjsPpS4bnEY3BIsaanPpGsLmaI4MOq9pAWDrIz0DwRA8SqJ1pVQ==",
            "hasInstallScript": true,
            "dependencies": {
                "@types/w3c-web-usb": "1.0.6",
                "node-addon-api": "^4.2.0",
                "node-gyp-build": "^4.3.0"
            },
            "engines": {
                "node": ">=10.20.0 <11.x || >=12.17.0 <13.0 || >=14.0.0"
            }
        }
    },
    "dependencies": {
        "@types/w3c-web-usb": {
            "version": "1.0.6",
            "resolved": "https://registry.npmjs.org/@types/w3c-web-usb/-/w3c-web-usb-1.0.6.tgz",
            "integrity": "sha512-cSjhgrr8g4KbPnnijAr/KJDNKa/bBa+ixYkywFRvrhvi9n1WEl7yYbtRyzE6jqNQiSxxJxoAW3STaOQwJHndaw=="
        },
        "dbly-linked-list": {
            "version": "0.3.4",
            "resolved": "https://registry.npmjs.org/dbly-linked-list/-/dbly-linked-list-0.3.4.tgz",
            "integrity": "sha512-327vOlwspi9i1T3Kc9yZhRUR8qDdgMQ4HmXsFDDCQ/HTc3sNe7gnF5b0UrsnaOJ0rvmG7yBZpK0NoOux9rKYKw==",
            "requires": {
                "lodash.isequal": "^4.5.0"
            }
        },
        "gd-ant-plus": {
            "version": "0.0.34",
            "resolved": "https://registry.npmjs.org/gd-ant-plus/-/gd-ant-plus-0.0.34.tgz",
            "integrity": "sha512-Eo3ZDejpGF2sKwf5MAji3ReQR/KV2dp7qKFolZ0KdtPNT64t/mEtZteg7id4DPODWLAXAdOjqgae0/GJsirIlw==",
            "requires": {
                "queue-fifo": "^0.2.6",
                "usb": "^1.9.2"
            },
            "dependencies": {
                "usb": {
                    "version": "1.9.2",
                    "resolved": "https://registry.npmjs.org/usb/-/usb-1.9.2.tgz",
                    "integrity": "sha512-dryNz030LWBPAf6gj8vyq0Iev3vPbCLHCT8dBw3gQRXRzVNsIdeuU+VjPp3ksmSPkeMAl1k+kQ14Ij0QHyeiAg==",
                    "requires": {
                        "node-addon-api": "^4.2.0",
                        "node-gyp-build": "^4.3.0"
                    }
                }
            }
        },
        "gd-eventlog": {
            "version": "0.1.22",
            "resolved": "https://registry.npmjs.org/gd-eventlog/-/gd-eventlog-0.1.22.tgz",
            "integrity": "sha512-R44CceZcbkg0faGYeUsiVW6rR2SB19zCj6wo2vJhXdfVjIW8tvnkHp3LWtfF4gDobnBfPJDQhKqqmYxxO6FT9A=="
        },
        "incyclist-devices": {
            "version": "file:../..",
            "requires": {
                "@serialport/parser-byte-length": "^9.0.1",
                "@serialport/parser-delimiter": "^9.0.1",
                "@types/jest": "^27.0.3",
                "@types/node": "^10.17.58",
                "@types/serialport": "^8.0.1",
                "eslint": "^7.32.0",
                "eslint-config-react-app": "^6.0.0",
                "eslint-loader": "^4.0.2",
                "gd-ant-plus": "^0.0.33",
                "incyclist-ant-plus": "file:../ant-plus",
                "jest": "^27.4.3",
                "ts-jest": "^27.1.0",
                "typescript": "^4.5.2",
                "win32filetime": "^1.0.2"
            }
        },
        "lodash.isequal": {
            "version": "4.5.0",
            "resolved": "https://registry.npmjs.org/lodash.isequal/-/lodash.isequal-4.5.0.tgz",
            "integrity": "sha512-pDo3lu8Jhfjqls6GkMgpahsF9kCyayhgykjyLMNFTKWrpVdAQtYyB4muAMWozBB4ig/dtWAmsMxLEI8wuz+DYQ=="
        },
        "node-addon-api": {
            "version": "4.3.0",
            "resolved": "https://registry.npmjs.org/node-addon-api/-/node-addon-api-4.3.0.tgz",
            "integrity": "sha512-73sE9+3UaLYYFmDsFZnqCInzPyh3MqIwZO9cw58yIqAZhONrrabrYyYe3TuIqtIiOuTXVhsGau8hcrhhwSsDIQ=="
        },
        "node-gyp-build": {
            "version": "4.5.0",
            "resolved": "https://registry.npmjs.org/node-gyp-build/-/node-gyp-build-4.5.0.tgz",
            "integrity": "sha512-2iGbaQBV+ITgCz76ZEjmhUKAKVf7xfY1sRl4UiKQspfZMH2h06SyhNsnSVy50cwkFQDGLyif6m/6uFXHkOZ6rg=="
        },
        "queue-fifo": {
            "version": "0.2.6",
            "resolved": "https://registry.npmjs.org/queue-fifo/-/queue-fifo-0.2.6.tgz",
            "integrity": "sha512-rwlnZHAaTmWEGKC7ziasK8u4QnZW/uN6kSiG+tHNf/1GA+R32FArZi18s3SYUpKcA0Y6jJoUDn5GT3Anoc2mWw==",
            "requires": {
                "dbly-linked-list": "0.3.4"
            }
        },
        "usb": {
            "version": "2.5.2",
            "resolved": "https://registry.npmjs.org/usb/-/usb-2.5.2.tgz",
            "integrity": "sha512-/7hWfbPL4ExGTQO2v2XfuKoBHDwNMoNPZmyKjsPpS4bnEY3BIsaanPpGsLmaI4MOq9pAWDrIz0DwRA8SqJ1pVQ==",
            "requires": {
                "@types/w3c-web-usb": "1.0.6",
                "node-addon-api": "^4.2.0",
                "node-gyp-build": "^4.3.0"
            }
        }
    }
}
